// !$*UTF8*$!
{
	archiveVersion = 1;
	classes = {
	};
	objectVersion = 46;
	objects = {

/* Begin PBXBuildFile section */
		715642C3186B85BE0001D3A3 /* ballWithHolder@2x.png in Resources */ = {isa = PBXBuildFile; fileRef = 715642C2186B85BE0001D3A3 /* ballWithHolder@2x.png */; };
		715642DB186B9CA80001D3A3 /* goalBW@2x.png in Resources */ = {isa = PBXBuildFile; fileRef = 715642DA186B9CA80001D3A3 /* goalBW@2x.png */; };
		7187CC36185F19E000DFAE14 /* Foundation.framework in Frameworks */ = {isa = PBXBuildFile; fileRef = 7187CC35185F19E000DFAE14 /* Foundation.framework */; };
		7187CC38185F19E000DFAE14 /* CoreGraphics.framework in Frameworks */ = {isa = PBXBuildFile; fileRef = 7187CC37185F19E000DFAE14 /* CoreGraphics.framework */; };
		7187CC3A185F19E000DFAE14 /* UIKit.framework in Frameworks */ = {isa = PBXBuildFile; fileRef = 7187CC39185F19E000DFAE14 /* UIKit.framework */; };
		7187CC3C185F19E000DFAE14 /* SpriteKit.framework in Frameworks */ = {isa = PBXBuildFile; fileRef = 7187CC3B185F19E000DFAE14 /* SpriteKit.framework */; };
		7187CC42185F19E000DFAE14 /* InfoPlist.strings in Resources */ = {isa = PBXBuildFile; fileRef = 7187CC40185F19E000DFAE14 /* InfoPlist.strings */; };
		7187CC44185F19E000DFAE14 /* main.m in Sources */ = {isa = PBXBuildFile; fileRef = 7187CC43185F19E000DFAE14 /* main.m */; };
		7187CC48185F19E000DFAE14 /* AppDelegate.m in Sources */ = {isa = PBXBuildFile; fileRef = 7187CC47185F19E000DFAE14 /* AppDelegate.m */; };
		7187CC4B185F19E000DFAE14 /* Main_iPhone.storyboard in Resources */ = {isa = PBXBuildFile; fileRef = 7187CC49185F19E000DFAE14 /* Main_iPhone.storyboard */; };
		7187CC4E185F19E000DFAE14 /* Main_iPad.storyboard in Resources */ = {isa = PBXBuildFile; fileRef = 7187CC4C185F19E000DFAE14 /* Main_iPad.storyboard */; };
		7187CC51185F19E000DFAE14 /* ViewController.m in Sources */ = {isa = PBXBuildFile; fileRef = 7187CC50185F19E000DFAE14 /* ViewController.m */; };
		7187CC54185F19E000DFAE14 /* MyScene.m in Sources */ = {isa = PBXBuildFile; fileRef = 7187CC53185F19E000DFAE14 /* MyScene.m */; };
		7187CC58185F19E000DFAE14 /* Images.xcassets in Resources */ = {isa = PBXBuildFile; fileRef = 7187CC57185F19E000DFAE14 /* Images.xcassets */; };
		7187CC5F185F19E100DFAE14 /* XCTest.framework in Frameworks */ = {isa = PBXBuildFile; fileRef = 7187CC5E185F19E100DFAE14 /* XCTest.framework */; };
		7187CC60185F19E100DFAE14 /* Foundation.framework in Frameworks */ = {isa = PBXBuildFile; fileRef = 7187CC35185F19E000DFAE14 /* Foundation.framework */; };
		7187CC61185F19E100DFAE14 /* UIKit.framework in Frameworks */ = {isa = PBXBuildFile; fileRef = 7187CC39185F19E000DFAE14 /* UIKit.framework */; };
		7187CC69185F19E100DFAE14 /* InfoPlist.strings in Resources */ = {isa = PBXBuildFile; fileRef = 7187CC67185F19E100DFAE14 /* InfoPlist.strings */; };
		7187CC6B185F19E100DFAE14 /* BounceAgainTests.m in Sources */ = {isa = PBXBuildFile; fileRef = 7187CC6A185F19E100DFAE14 /* BounceAgainTests.m */; };
		71AB348818754A65006A2532 /* redDefender@2x.png in Resources */ = {isa = PBXBuildFile; fileRef = 71AB348718754A65006A2532 /* redDefender@2x.png */; };
/* End PBXBuildFile section */

/* Begin PBXContainerItemProxy section */
		7187CC62185F19E100DFAE14 /* PBXContainerItemProxy */ = {
			isa = PBXContainerItemProxy;
			containerPortal = 7187CC2A185F19E000DFAE14 /* Project object */;
			proxyType = 1;
			remoteGlobalIDString = 7187CC31185F19E000DFAE14;
			remoteInfo = BounceAgain;
		};
/* End PBXContainerItemProxy section */

/* Begin PBXFileReference section */
		715642C2186B85BE0001D3A3 /* ballWithHolder@2x.png */ = {isa = PBXFileReference; lastKnownFileType = image.png; path = "ballWithHolder@2x.png"; sourceTree = "<group>"; };
		715642DA186B9CA80001D3A3 /* goalBW@2x.png */ = {isa = PBXFileReference; lastKnownFileType = image.png; path = "goalBW@2x.png"; sourceTree = "<group>"; };
		7187CC32185F19E000DFAE14 /* Futboll.app */ = {isa = PBXFileReference; explicitFileType = wrapper.application; includeInIndex = 0; path = Futboll.app; sourceTree = BUILT_PRODUCTS_DIR; };
		7187CC35185F19E000DFAE14 /* Foundation.framework */ = {isa = PBXFileReference; lastKnownFileType = wrapper.framework; name = Foundation.framework; path = System/Library/Frameworks/Foundation.framework; sourceTree = SDKROOT; };
		7187CC37185F19E000DFAE14 /* CoreGraphics.framework */ = {isa = PBXFileReference; lastKnownFileType = wrapper.framework; name = CoreGraphics.framework; path = System/Library/Frameworks/CoreGraphics.framework; sourceTree = SDKROOT; };
		7187CC39185F19E000DFAE14 /* UIKit.framework */ = {isa = PBXFileReference; lastKnownFileType = wrapper.framework; name = UIKit.framework; path = System/Library/Frameworks/UIKit.framework; sourceTree = SDKROOT; };
		7187CC3B185F19E000DFAE14 /* SpriteKit.framework */ = {isa = PBXFileReference; lastKnownFileType = wrapper.framework; name = SpriteKit.framework; path = System/Library/Frameworks/SpriteKit.framework; sourceTree = SDKROOT; };
		7187CC3F185F19E000DFAE14 /* Futboll-Info.plist */ = {isa = PBXFileReference; lastKnownFileType = text.plist.xml; path = "Futboll-Info.plist"; sourceTree = "<group>"; };
		7187CC41185F19E000DFAE14 /* en */ = {isa = PBXFileReference; lastKnownFileType = text.plist.strings; name = en; path = en.lproj/InfoPlist.strings; sourceTree = "<group>"; };
		7187CC43185F19E000DFAE14 /* main.m */ = {isa = PBXFileReference; lastKnownFileType = sourcecode.c.objc; path = main.m; sourceTree = "<group>"; };
		7187CC45185F19E000DFAE14 /* Futbol-Prefix.pch */ = {isa = PBXFileReference; lastKnownFileType = sourcecode.c.h; path = "Futbol-Prefix.pch"; sourceTree = "<group>"; };
		7187CC46185F19E000DFAE14 /* AppDelegate.h */ = {isa = PBXFileReference; lastKnownFileType = sourcecode.c.h; path = AppDelegate.h; sourceTree = "<group>"; };
		7187CC47185F19E000DFAE14 /* AppDelegate.m */ = {isa = PBXFileReference; lastKnownFileType = sourcecode.c.objc; path = AppDelegate.m; sourceTree = "<group>"; };
		7187CC4A185F19E000DFAE14 /* Base */ = {isa = PBXFileReference; lastKnownFileType = file.storyboard; name = Base; path = Base.lproj/Main_iPhone.storyboard; sourceTree = "<group>"; };
		7187CC4D185F19E000DFAE14 /* Base */ = {isa = PBXFileReference; lastKnownFileType = file.storyboard; name = Base; path = Base.lproj/Main_iPad.storyboard; sourceTree = "<group>"; };
		7187CC4F185F19E000DFAE14 /* ViewController.h */ = {isa = PBXFileReference; lastKnownFileType = sourcecode.c.h; path = ViewController.h; sourceTree = "<group>"; };
		7187CC50185F19E000DFAE14 /* ViewController.m */ = {isa = PBXFileReference; lastKnownFileType = sourcecode.c.objc; path = ViewController.m; sourceTree = "<group>"; };
		7187CC52185F19E000DFAE14 /* MyScene.h */ = {isa = PBXFileReference; lastKnownFileType = sourcecode.c.h; path = MyScene.h; sourceTree = "<group>"; };
		7187CC53185F19E000DFAE14 /* MyScene.m */ = {isa = PBXFileReference; lastKnownFileType = sourcecode.c.objc; path = MyScene.m; sourceTree = "<group>"; };
		7187CC57185F19E000DFAE14 /* Images.xcassets */ = {isa = PBXFileReference; lastKnownFileType = folder.assetcatalog; path = Images.xcassets; sourceTree = "<group>"; };
		7187CC5D185F19E000DFAE14 /* FutbollTests.xctest */ = {isa = PBXFileReference; explicitFileType = wrapper.cfbundle; includeInIndex = 0; path = FutbollTests.xctest; sourceTree = BUILT_PRODUCTS_DIR; };
		7187CC5E185F19E100DFAE14 /* XCTest.framework */ = {isa = PBXFileReference; lastKnownFileType = wrapper.framework; name = XCTest.framework; path = Library/Frameworks/XCTest.framework; sourceTree = DEVELOPER_DIR; };
		7187CC66185F19E100DFAE14 /* FutbollTests-Info.plist */ = {isa = PBXFileReference; lastKnownFileType = text.plist.xml; path = "FutbollTests-Info.plist"; sourceTree = "<group>"; };
		7187CC68185F19E100DFAE14 /* en */ = {isa = PBXFileReference; lastKnownFileType = text.plist.strings; name = en; path = en.lproj/InfoPlist.strings; sourceTree = "<group>"; };
		7187CC6A185F19E100DFAE14 /* BounceAgainTests.m */ = {isa = PBXFileReference; lastKnownFileType = sourcecode.c.objc; path = BounceAgainTests.m; sourceTree = "<group>"; };
		71AB348718754A65006A2532 /* redDefender@2x.png */ = {isa = PBXFileReference; lastKnownFileType = image.png; path = "redDefender@2x.png"; sourceTree = "<group>"; };
/* End PBXFileReference section */

/* Begin PBXFrameworksBuildPhase section */
		7187CC2F185F19E000DFAE14 /* Frameworks */ = {
			isa = PBXFrameworksBuildPhase;
			buildActionMask = 2147483647;
			files = (
				7187CC38185F19E000DFAE14 /* CoreGraphics.framework in Frameworks */,
				7187CC3A185F19E000DFAE14 /* UIKit.framework in Frameworks */,
				7187CC3C185F19E000DFAE14 /* SpriteKit.framework in Frameworks */,
				7187CC36185F19E000DFAE14 /* Foundation.framework in Frameworks */,
			);
			runOnlyForDeploymentPostprocessing = 0;
		};
		7187CC5A185F19E000DFAE14 /* Frameworks */ = {
			isa = PBXFrameworksBuildPhase;
			buildActionMask = 2147483647;
			files = (
				7187CC5F185F19E100DFAE14 /* XCTest.framework in Frameworks */,
				7187CC61185F19E100DFAE14 /* UIKit.framework in Frameworks */,
				7187CC60185F19E100DFAE14 /* Foundation.framework in Frameworks */,
			);
			runOnlyForDeploymentPostprocessing = 0;
		};
/* End PBXFrameworksBuildPhase section */

/* Begin PBXGroup section */
		7187CC29185F19E000DFAE14 = {
			isa = PBXGroup;
			children = (
				7187CC3D185F19E000DFAE14 /* BounceAgain */,
				7187CC64185F19E100DFAE14 /* BounceAgainTests */,
				7187CC34185F19E000DFAE14 /* Frameworks */,
				7187CC33185F19E000DFAE14 /* Products */,
			);
			sourceTree = "<group>";
		};
		7187CC33185F19E000DFAE14 /* Products */ = {
			isa = PBXGroup;
			children = (
				7187CC32185F19E000DFAE14 /* Futboll.app */,
				7187CC5D185F19E000DFAE14 /* FutbollTests.xctest */,
			);
			name = Products;
			sourceTree = "<group>";
		};
		7187CC34185F19E000DFAE14 /* Frameworks */ = {
			isa = PBXGroup;
			children = (
				7187CC35185F19E000DFAE14 /* Foundation.framework */,
				7187CC37185F19E000DFAE14 /* CoreGraphics.framework */,
				7187CC39185F19E000DFAE14 /* UIKit.framework */,
				7187CC3B185F19E000DFAE14 /* SpriteKit.framework */,
				7187CC5E185F19E100DFAE14 /* XCTest.framework */,
			);
			name = Frameworks;
			sourceTree = "<group>";
		};
		7187CC3D185F19E000DFAE14 /* BounceAgain */ = {
			isa = PBXGroup;
			children = (
				7187CC46185F19E000DFAE14 /* AppDelegate.h */,
				7187CC47185F19E000DFAE14 /* AppDelegate.m */,
				7187CC49185F19E000DFAE14 /* Main_iPhone.storyboard */,
				7187CC4C185F19E000DFAE14 /* Main_iPad.storyboard */,
				7187CC4F185F19E000DFAE14 /* ViewController.h */,
				7187CC50185F19E000DFAE14 /* ViewController.m */,
				7187CC52185F19E000DFAE14 /* MyScene.h */,
				7187CC53185F19E000DFAE14 /* MyScene.m */,
				71D001051865F2CB00C68AE8 /* ImageAssets */,
				7187CC57185F19E000DFAE14 /* Images.xcassets */,
				7187CC3E185F19E000DFAE14 /* Supporting Files */,
			);
			path = BounceAgain;
			sourceTree = "<group>";
		};
		7187CC3E185F19E000DFAE14 /* Supporting Files */ = {
			isa = PBXGroup;
			children = (
				7187CC3F185F19E000DFAE14 /* Futboll-Info.plist */,
				7187CC40185F19E000DFAE14 /* InfoPlist.strings */,
				7187CC43185F19E000DFAE14 /* main.m */,
				7187CC45185F19E000DFAE14 /* Futbol-Prefix.pch */,
			);
			name = "Supporting Files";
			sourceTree = "<group>";
		};
		7187CC64185F19E100DFAE14 /* BounceAgainTests */ = {
			isa = PBXGroup;
			children = (
				7187CC6A185F19E100DFAE14 /* BounceAgainTests.m */,
				7187CC65185F19E100DFAE14 /* Supporting Files */,
			);
			path = BounceAgainTests;
			sourceTree = "<group>";
		};
		7187CC65185F19E100DFAE14 /* Supporting Files */ = {
			isa = PBXGroup;
			children = (
				7187CC66185F19E100DFAE14 /* FutbollTests-Info.plist */,
				7187CC67185F19E100DFAE14 /* InfoPlist.strings */,
			);
			name = "Supporting Files";
			sourceTree = "<group>";
		};
		71D001051865F2CB00C68AE8 /* ImageAssets */ = {
			isa = PBXGroup;
			children = (
				71AB348718754A65006A2532 /* redDefender@2x.png */,
				715642DA186B9CA80001D3A3 /* goalBW@2x.png */,
				715642C2186B85BE0001D3A3 /* ballWithHolder@2x.png */,
			);
			name = ImageAssets;
			sourceTree = "<group>";
		};
/* End PBXGroup section */

/* Begin PBXNativeTarget section */
		7187CC31185F19E000DFAE14 /* Futboll */ = {
			isa = PBXNativeTarget;
			buildConfigurationList = 7187CC6E185F19E100DFAE14 /* Build configuration list for PBXNativeTarget "Futboll" */;
			buildPhases = (
				7187CC2E185F19E000DFAE14 /* Sources */,
				7187CC2F185F19E000DFAE14 /* Frameworks */,
				7187CC30185F19E000DFAE14 /* Resources */,
			);
			buildRules = (
			);
			dependencies = (
			);
			name = Futboll;
			productName = BounceAgain;
			productReference = 7187CC32185F19E000DFAE14 /* Futboll.app */;
			productType = "com.apple.product-type.application";
		};
		7187CC5C185F19E000DFAE14 /* FutbollTests */ = {
			isa = PBXNativeTarget;
			buildConfigurationList = 7187CC71185F19E100DFAE14 /* Build configuration list for PBXNativeTarget "FutbollTests" */;
			buildPhases = (
				7187CC59185F19E000DFAE14 /* Sources */,
				7187CC5A185F19E000DFAE14 /* Frameworks */,
				7187CC5B185F19E000DFAE14 /* Resources */,
			);
			buildRules = (
			);
			dependencies = (
				7187CC63185F19E100DFAE14 /* PBXTargetDependency */,
			);
			name = FutbollTests;
			productName = BounceAgainTests;
			productReference = 7187CC5D185F19E000DFAE14 /* FutbollTests.xctest */;
			productType = "com.apple.product-type.bundle.unit-test";
		};
/* End PBXNativeTarget section */

/* Begin PBXProject section */
		7187CC2A185F19E000DFAE14 /* Project object */ = {
			isa = PBXProject;
			attributes = {
				LastUpgradeCheck = 0500;
				ORGANIZATIONNAME = Arvid;
				TargetAttributes = {
					7187CC5C185F19E000DFAE14 = {
						TestTargetID = 7187CC31185F19E000DFAE14;
					};
				};
			};
			buildConfigurationList = 7187CC2D185F19E000DFAE14 /* Build configuration list for PBXProject "Futboll" */;
			compatibilityVersion = "Xcode 3.2";
			developmentRegion = English;
			hasScannedForEncodings = 0;
			knownRegions = (
				en,
				Base,
			);
			mainGroup = 7187CC29185F19E000DFAE14;
			productRefGroup = 7187CC33185F19E000DFAE14 /* Products */;
			projectDirPath = "";
			projectRoot = "";
			targets = (
				7187CC31185F19E000DFAE14 /* Futboll */,
				7187CC5C185F19E000DFAE14 /* FutbollTests */,
			);
		};
/* End PBXProject section */

/* Begin PBXResourcesBuildPhase section */
		7187CC30185F19E000DFAE14 /* Resources */ = {
			isa = PBXResourcesBuildPhase;
			buildActionMask = 2147483647;
			files = (
				715642C3186B85BE0001D3A3 /* ballWithHolder@2x.png in Resources */,
				7187CC58185F19E000DFAE14 /* Images.xcassets in Resources */,
				7187CC4E185F19E000DFAE14 /* Main_iPad.storyboard in Resources */,
				7187CC4B185F19E000DFAE14 /* Main_iPhone.storyboard in Resources */,
				7187CC42185F19E000DFAE14 /* InfoPlist.strings in Resources */,
				71AB348818754A65006A2532 /* redDefender@2x.png in Resources */,
				715642DB186B9CA80001D3A3 /* goalBW@2x.png in Resources */,
			);
			runOnlyForDeploymentPostprocessing = 0;
		};
		7187CC5B185F19E000DFAE14 /* Resources */ = {
			isa = PBXResourcesBuildPhase;
			buildActionMask = 2147483647;
			files = (
				7187CC69185F19E100DFAE14 /* InfoPlist.strings in Resources */,
			);
			runOnlyForDeploymentPostprocessing = 0;
		};
/* End PBXResourcesBuildPhase section */

/* Begin PBXSourcesBuildPhase section */
		7187CC2E185F19E000DFAE14 /* Sources */ = {
			isa = PBXSourcesBuildPhase;
			buildActionMask = 2147483647;
			files = (
				7187CC54185F19E000DFAE14 /* MyScene.m in Sources */,
				7187CC51185F19E000DFAE14 /* ViewController.m in Sources */,
				7187CC48185F19E000DFAE14 /* AppDelegate.m in Sources */,
				7187CC44185F19E000DFAE14 /* main.m in Sources */,
			);
			runOnlyForDeploymentPostprocessing = 0;
		};
		7187CC59185F19E000DFAE14 /* Sources */ = {
			isa = PBXSourcesBuildPhase;
			buildActionMask = 2147483647;
			files = (
				7187CC6B185F19E100DFAE14 /* BounceAgainTests.m in Sources */,
			);
			runOnlyForDeploymentPostprocessing = 0;
		};
/* End PBXSourcesBuildPhase section */

/* Begin PBXTargetDependency section */
		7187CC63185F19E100DFAE14 /* PBXTargetDependency */ = {
			isa = PBXTargetDependency;
			target = 7187CC31185F19E000DFAE14 /* Futboll */;
			targetProxy = 7187CC62185F19E100DFAE14 /* PBXContainerItemProxy */;
		};
/* End PBXTargetDependency section */

/* Begin PBXVariantGroup section */
		7187CC40185F19E000DFAE14 /* InfoPlist.strings */ = {
			isa = PBXVariantGroup;
			children = (
				7187CC41185F19E000DFAE14 /* en */,
			);
			name = InfoPlist.strings;
			sourceTree = "<group>";
		};
		7187CC49185F19E000DFAE14 /* Main_iPhone.storyboard */ = {
			isa = PBXVariantGroup;
			children = (
				7187CC4A185F19E000DFAE14 /* Base */,
			);
			name = Main_iPhone.storyboard;
			sourceTree = "<group>";
		};
		7187CC4C185F19E000DFAE14 /* Main_iPad.storyboard */ = {
			isa = PBXVariantGroup;
			children = (
				7187CC4D185F19E000DFAE14 /* Base */,
			);
			name = Main_iPad.storyboard;
			sourceTree = "<group>";
		};
		7187CC67185F19E100DFAE14 /* InfoPlist.strings */ = {
			isa = PBXVariantGroup;
			children = (
				7187CC68185F19E100DFAE14 /* en */,
			);
			name = InfoPlist.strings;
			sourceTree = "<group>";
		};
/* End PBXVariantGroup section */

/* Begin XCBuildConfiguration section */
		7187CC6C185F19E100DFAE14 /* Debug */ = {
			isa = XCBuildConfiguration;
			buildSettings = {
				ALWAYS_SEARCH_USER_PATHS = NO;
				ARCHS = "$(ARCHS_STANDARD_INCLUDING_64_BIT)";
				CLANG_CXX_LANGUAGE_STANDARD = "gnu++0x";
				CLANG_CXX_LIBRARY = "libc++";
				CLANG_ENABLE_MODULES = YES;
				CLANG_ENABLE_OBJC_ARC = YES;
				CLANG_WARN_BOOL_CONVERSION = YES;
				CLANG_WARN_CONSTANT_CONVERSION = YES;
				CLANG_WARN_DIRECT_OBJC_ISA_USAGE = YES_ERROR;
				CLANG_WARN_EMPTY_BODY = YES;
				CLANG_WARN_ENUM_CONVERSION = YES;
				CLANG_WARN_INT_CONVERSION = YES;
				CLANG_WARN_OBJC_ROOT_CLASS = YES_ERROR;
				CLANG_WARN__DUPLICATE_METHOD_MATCH = YES;
				CODE_SIGN_IDENTITY = "iPhone Developer: Arvid Sigvardsson (X3QFB93Y5N)";
				"CODE_SIGN_IDENTITY[sdk=iphoneos*]" = "iPhone Developer";
				COPY_PHASE_STRIP = NO;
				GCC_C_LANGUAGE_STANDARD = gnu99;
				GCC_DYNAMIC_NO_PIC = NO;
				GCC_OPTIMIZATION_LEVEL = 0;
				GCC_PREPROCESSOR_DEFINITIONS = (
					"DEBUG=1",
					"$(inherited)",
				);
				GCC_SYMBOLS_PRIVATE_EXTERN = NO;
				GCC_WARN_64_TO_32_BIT_CONVERSION = YES;
				GCC_WARN_ABOUT_RETURN_TYPE = YES_ERROR;
				GCC_WARN_UNDECLARED_SELECTOR = YES;
				GCC_WARN_UNINITIALIZED_AUTOS = YES;
				GCC_WARN_UNUSED_FUNCTION = YES;
				GCC_WARN_UNUSED_VARIABLE = YES;
				IPHONEOS_DEPLOYMENT_TARGET = 7.0;
				ONLY_ACTIVE_ARCH = YES;
				SDKROOT = iphoneos;
				TARGETED_DEVICE_FAMILY = "1,2";
			};
			name = Debug;
		};
		7187CC6D185F19E100DFAE14 /* Release */ = {
			isa = XCBuildConfiguration;
			buildSettings = {
				ALWAYS_SEARCH_USER_PATHS = NO;
				ARCHS = "$(ARCHS_STANDARD_INCLUDING_64_BIT)";
				CLANG_CXX_LANGUAGE_STANDARD = "gnu++0x";
				CLANG_CXX_LIBRARY = "libc++";
				CLANG_ENABLE_MODULES = YES;
				CLANG_ENABLE_OBJC_ARC = YES;
				CLANG_WARN_BOOL_CONVERSION = YES;
				CLANG_WARN_CONSTANT_CONVERSION = YES;
				CLANG_WARN_DIRECT_OBJC_ISA_USAGE = YES_ERROR;
				CLANG_WARN_EMPTY_BODY = YES;
				CLANG_WARN_ENUM_CONVERSION = YES;
				CLANG_WARN_INT_CONVERSION = YES;
				CLANG_WARN_OBJC_ROOT_CLASS = YES_ERROR;
				CLANG_WARN__DUPLICATE_METHOD_MATCH = YES;
				CODE_SIGN_IDENTITY = "iPhone Distribution: Arvid Sigvardsson (WBKCVWUHZ5)";
				"CODE_SIGN_IDENTITY[sdk=iphoneos*]" = "iPhone Distribution: Arvid Sigvardsson (WBKCVWUHZ5)";
				COPY_PHASE_STRIP = YES;
				ENABLE_NS_ASSERTIONS = NO;
				GCC_C_LANGUAGE_STANDARD = gnu99;
				GCC_WARN_64_TO_32_BIT_CONVERSION = YES;
				GCC_WARN_ABOUT_RETURN_TYPE = YES_ERROR;
				GCC_WARN_UNDECLARED_SELECTOR = YES;
				GCC_WARN_UNINITIALIZED_AUTOS = YES;
				GCC_WARN_UNUSED_FUNCTION = YES;
				GCC_WARN_UNUSED_VARIABLE = YES;
				IPHONEOS_DEPLOYMENT_TARGET = 7.0;
				SDKROOT = iphoneos;
				TARGETED_DEVICE_FAMILY = "1,2";
				VALIDATE_PRODUCT = YES;
			};
			name = Release;
		};
		7187CC6F185F19E100DFAE14 /* Debug */ = {
			isa = XCBuildConfiguration;
			buildSettings = {
				ASSETCATALOG_COMPILER_APPICON_NAME = AppIcon;
				ASSETCATALOG_COMPILER_LAUNCHIMAGE_NAME = LaunchImage;
				GCC_PRECOMPILE_PREFIX_HEADER = YES;
				GCC_PREFIX_HEADER = "BounceAgain/Futboll-Prefix.pch";
				INFOPLIST_FILE = "BounceAgain/Futboll-Info.plist";
				PRODUCT_NAME = Futboll;
				SPRITEKIT_TEXTURE_ATLAS_OUTPUT = YES;
				TARGETED_DEVICE_FAMILY = 1;
				WRAPPER_EXTENSION = app;
			};
			name = Debug;
		};
		7187CC70185F19E100DFAE14 /* Release */ = {
			isa = XCBuildConfiguration;
			buildSettings = {
				ASSETCATALOG_COMPILER_APPICON_NAME = AppIcon;
				ASSETCATALOG_COMPILER_LAUNCHIMAGE_NAME = LaunchImage;
				GCC_PRECOMPILE_PREFIX_HEADER = YES;
				GCC_PREFIX_HEADER = "BounceAgain/Futboll-Prefix.pch";
				INFOPLIST_FILE = "BounceAgain/Futboll-Info.plist";
				PRODUCT_NAME = Futboll;
				SPRITEKIT_TEXTURE_ATLAS_OUTPUT = YES;
				TARGETED_DEVICE_FAMILY = 1;
				WRAPPER_EXTENSION = app;
			};
			name = Release;
		};
		7187CC72185F19E100DFAE14 /* Debug */ = {
			isa = XCBuildConfiguration;
			buildSettings = {
				ARCHS = "$(ARCHS_STANDARD_INCLUDING_64_BIT)";
				BUNDLE_LOADER = "$(BUILT_PRODUCTS_DIR)/BounceAgain.app/BounceAgain";
				FRAMEWORK_SEARCH_PATHS = (
					"$(SDKROOT)/Developer/Library/Frameworks",
					"$(inherited)",
					"$(DEVELOPER_FRAMEWORKS_DIR)",
				);
				GCC_PRECOMPILE_PREFIX_HEADER = YES;
				GCC_PREFIX_HEADER = "BounceAgain/BounceAgain-Prefix.pch";
				GCC_PREPROCESSOR_DEFINITIONS = (
					"DEBUG=1",
					"$(inherited)",
				);
				INFOPLIST_FILE = "BounceAgainTests/FutbollTests-Info.plist";
				PRODUCT_NAME = FutbollTests;
				TEST_HOST = "$(BUNDLE_LOADER)";
				WRAPPER_EXTENSION = xctest;
			};
			name = Debug;
		};
		7187CC73185F19E100DFAE14 /* Release */ = {
			isa = XCBuildConfiguration;
			buildSettings = {
				ARCHS = "$(ARCHS_STANDARD_INCLUDING_64_BIT)";
				BUNDLE_LOADER = "$(BUILT_PRODUCTS_DIR)/BounceAgain.app/BounceAgain";
				FRAMEWORK_SEARCH_PATHS = (
					"$(SDKROOT)/Developer/Library/Frameworks",
					"$(inherited)",
					"$(DEVELOPER_FRAMEWORKS_DIR)",
				);
				GCC_PRECOMPILE_PREFIX_HEADER = YES;
				GCC_PREFIX_HEADER = "BounceAgain/BounceAgain-Prefix.pch";
				INFOPLIST_FILE = "BounceAgainTests/FutbollTests-Info.plist";
				PRODUCT_NAME = FutbollTests;
				TEST_HOST = "$(BUNDLE_LOADER)";
				WRAPPER_EXTENSION = xctest;
			};
			name = Release;
		};
/* End XCBuildConfiguration section */

/* Begin XCConfigurationList section */
		7187CC2D185F19E000DFAE14 /* Build configuration list for PBXProject "Futboll" */ = {
			isa = XCConfigurationList;
			buildConfigurations = (
				7187CC6C185F19E100DFAE14 /* Debug */,
				7187CC6D185F19E100DFAE14 /* Release */,
			);
			defaultConfigurationIsVisible = 0;
			defaultConfigurationName = Release;
		};
		7187CC6E185F19E100DFAE14 /* Build configuration list for PBXNativeTarget "Futboll" */ = {
			isa = XCConfigurationList;
			buildConfigurations = (
				7187CC6F185F19E100DFAE14 /* Debug */,
				7187CC70185F19E100DFAE14 /* Release */,
			);
			defaultConfigurationIsVisible = 0;
			defaultConfigurationName = Release;
		};
		7187CC71185F19E100DFAE14 /* Build configuration list for PBXNativeTarget "FutbollTests" */ = {
			isa = XCConfigurationList;
			buildConfigurations = (
				7187CC72185F19E100DFAE14 /* Debug */,
				7187CC73185F19E100DFAE14 /* Release */,
			);
			defaultConfigurationIsVisible = 0;
			defaultConfigurationName = Release;
		};
/* End XCConfigurationList section */
	};
	rootObject = 7187CC2A185F19E000DFAE14 /* Project object */;
}
